
Microsoft Visual Studio Solution File, Format Version 12.00
# Visual Studio Version 17
VisualStudioVersion = 17.5.33516.290
MinimumVisualStudioVersion = 10.0.40219.1
Project("{8BC9CEB8-8B4A-11D0-8D11-00A0C91BC942}") = "MT_3_00_01", "MT_3_00_01.vcxproj", "{CDA52C85-5518-4631-9A2C-7A21A5FD6570}"
EndProject
Global
	GlobalSection(SolutionConfigurationPlatforms) = preSolution
		Debug|x64 = Debug|x64
		Release|x64 = Release|x64
	EndGlobalSection
	GlobalSection(ProjectConfigurationPlatforms) = postSolution
		{CDA52C85-5518-4631-9A2C-7A21A5FD6570}.Debug|x64.ActiveCfg = Debug|x64
		{CDA52C85-5518-4631-9A2C-7A21A5FD6570}.Debug|x64.Build.0 = Debug|x64
		{CDA52C85-5518-4631-9A2C-7A21A5FD6570}.Release|x64.ActiveCfg = Release|x64
		{CDA52C85-5518-4631-9A2C-7A21A5FD6570}.Release|x64.Build.0 = Release|x64
	EndGlobalSection
	GlobalSection(SolutionProperties) = preSolution
		HideSolutionNode = FALSE
	EndGlobalSection
	GlobalSection(ExtensibilityGlobals) = postSolution
		SolutionGuid = {64B69F87-6352-4F3C-8C45-F4BEB1BC1758}
	EndGlobalSection
EndGlobal
